{
  "name": "arodic.github.com",
  "version": "1.0.0",
  "lockfileVersion": 1,
  "requires": true,
  "dependencies": {
    "io-gui": {
      "version": "1.0.6",
      "resolved": "https://registry.npmjs.org/io-gui/-/io-gui-1.0.6.tgz",
      "integrity": "sha512-o0gO+SXisiA5Sj7xjmqopZsoa078GzApdLQZ6c2dGIea2ZcBLu85l4mXjfRDGur2uofVjN6XsgYkqNO9n5pbrA=="
    }
  }
}
