{
  "name": "arodic.github.com",
  "version": "1.0.0",
  "lockfileVersion": 1,
  "requires": true,
  "dependencies": {
    "io-gui": {
      "version": "1.0.1",
      "resolved": "https://registry.npmjs.org/io-gui/-/io-gui-1.0.1.tgz",
      "integrity": "sha512-P4n+qsALr3yot9x1sR1PSfvbUn5/YUJKJhzEIfFU1vBFLh3bObgl8z3trsJwcaZFe4IAzALg/V6x+fsUwezwSA=="
    }
  }
}
