{
  "name": "arodic.github.com",
  "version": "1.0.10",
  "lockfileVersion": 1,
  "requires": true,
  "dependencies": {
    "io-gui": {
      "version": "1.0.10",
      "resolved": "https://registry.npmjs.org/io-gui/-/io-gui-1.0.10.tgz",
      "integrity": "sha512-GBfX+rErcmgm7t8tDfVP1MwdE6VHDR7oJ3bm0UGGVQC8OzIXrlli5Cd1NpEvIg/55R2GOaHTiJe2dE8B12ERCw=="
    }
  }
}
